
Microsoft Visual Studio Solution File, Format Version 12.00
# Visual Studio Version 17
VisualStudioVersion = 17.14.36127.28
MinimumVisualStudioVersion = 10.0.40219.1
Project("{FAE04EC0-301F-11D3-BF4B-00C04F79EFBC}") = "StarWars.Infrastructure", "StarWars.Infrastructure\StarWars.Infrastructure.csproj", "{E008ADCE-0E1A-4E0F-8D05-2DDEF73CCA09}"
EndProject
Project("{FAE04EC0-301F-11D3-BF4B-00C04F79EFBC}") = "StarWars.Domain", "StarWars.Domain\StarWars.Domain.csproj", "{E9896D52-5F6D-4639-B7EF-F7BD33C470A3}"
EndProject
Project("{FAE04EC0-301F-11D3-BF4B-00C04F79EFBC}") = "StarWars.Tests", "StarWars.Tests\StarWars.Tests.csproj", "{EF6DE9A5-64BD-4538-949F-CEFAB942EC03}"
EndProject
Project("{FAE04EC0-301F-11D3-BF4B-00C04F79EFBC}") = "StarWars.API", "StarWars.API\StarWars.API.csproj", "{C7A7156D-267C-4DB1-9E72-7A6CD244D598}"
EndProject
Global
	GlobalSection(SolutionConfigurationPlatforms) = preSolution
		Debug|Any CPU = Debug|Any CPU
		Release|Any CPU = Release|Any CPU
	EndGlobalSection
	GlobalSection(ProjectConfigurationPlatforms) = postSolution
		{E008ADCE-0E1A-4E0F-8D05-2DDEF73CCA09}.Debug|Any CPU.ActiveCfg = Debug|Any CPU
		{E008ADCE-0E1A-4E0F-8D05-2DDEF73CCA09}.Debug|Any CPU.Build.0 = Debug|Any CPU
		{E008ADCE-0E1A-4E0F-8D05-2DDEF73CCA09}.Release|Any CPU.ActiveCfg = Release|Any CPU
		{E008ADCE-0E1A-4E0F-8D05-2DDEF73CCA09}.Release|Any CPU.Build.0 = Release|Any CPU
		{E9896D52-5F6D-4639-B7EF-F7BD33C470A3}.Debug|Any CPU.ActiveCfg = Debug|Any CPU
		{E9896D52-5F6D-4639-B7EF-F7BD33C470A3}.Debug|Any CPU.Build.0 = Debug|Any CPU
		{E9896D52-5F6D-4639-B7EF-F7BD33C470A3}.Release|Any CPU.ActiveCfg = Release|Any CPU
		{E9896D52-5F6D-4639-B7EF-F7BD33C470A3}.Release|Any CPU.Build.0 = Release|Any CPU
		{EF6DE9A5-64BD-4538-949F-CEFAB942EC03}.Debug|Any CPU.ActiveCfg = Debug|Any CPU
		{EF6DE9A5-64BD-4538-949F-CEFAB942EC03}.Debug|Any CPU.Build.0 = Debug|Any CPU
		{EF6DE9A5-64BD-4538-949F-CEFAB942EC03}.Release|Any CPU.ActiveCfg = Release|Any CPU
		{EF6DE9A5-64BD-4538-949F-CEFAB942EC03}.Release|Any CPU.Build.0 = Release|Any CPU
		{C7A7156D-267C-4DB1-9E72-7A6CD244D598}.Debug|Any CPU.ActiveCfg = Debug|Any CPU
		{C7A7156D-267C-4DB1-9E72-7A6CD244D598}.Debug|Any CPU.Build.0 = Debug|Any CPU
		{C7A7156D-267C-4DB1-9E72-7A6CD244D598}.Release|Any CPU.ActiveCfg = Release|Any CPU
		{C7A7156D-267C-4DB1-9E72-7A6CD244D598}.Release|Any CPU.Build.0 = Release|Any CPU
	EndGlobalSection
	GlobalSection(SolutionProperties) = preSolution
		HideSolutionNode = FALSE
	EndGlobalSection
	GlobalSection(ExtensibilityGlobals) = postSolution
		SolutionGuid = {65A16801-C031-404E-B275-4922C6F00AA5}
	EndGlobalSection
EndGlobal
